# This file is automatically @generated by Poetry 1.4.2 and should not be changed by hand.

[[package]]
name = "libutil"
version = "0.1.0"
description = ""
category = "main"
optional = false
python-versions = "^3.10"
files = []
develop = false

[package.source]
type = "git"
url = "https://github.com/PakitoSec/LibUtil.git"
reference = "HEAD"
resolved_reference = "44f3101633c8e614a1ceb5d430ea5036effffb22"

[metadata]
lock-version = "2.0"
python-versions = "^3.10"
content-hash = "4f569f25e0ec4e13eb127118957a1edf9c6a071c4f42c8460009cd98e1b9fe68"
